lockfileVersion: '9.0'

settings:
  autoInstallPeers: true
  excludeLinksFromLockfile: false

importers:

  .:
    devDependencies:
      '@types/node':
        specifier: ^22.x
        version: 22.19.17
      lefthook:
        specifier: ^2.x
        version: 2.1.6
      turbo:
        specifier: ^2.x
        version: 2.9.7
      typescript:
        specifier: ^5.x
        version: 5.9.3

packages:

  '@turbo/darwin-64@2.9.7':
    resolution: {integrity: sha512-wnvOWuVWJ5EUHNKxExEWiGlTeVpLG1L0PCu5MUozyC1P2SHGiWsmpW6/yAuShH91Fa2TAHOvdCRBzriZh4j4Eg==}
    cpu: [x64]
    os: [darwin]

  '@turbo/darwin-arm64@2.9.7':
    resolution: {integrity: sha512-mA0FIPMwwN3lodDkQYaGxj6PeT7ZaN5aCEbkKn/WB+ZB9yJdVWA4J83GH7t43jqDc5dcnVluVN5UFx3plRiXhA==}
    cpu: [arm64]
    os: [darwin]

  '@turbo/linux-64@2.9.7':
    resolution: {integrity: sha512-fEbUYpgb5l7P+q+5tsWF2gw+/GSjUsuUTcnfm+f0lozUjgcjLKyOat6PgtAChmIFcTPchCL/8rJ3TvkBy01gfA==}
    cpu: [x64]
    os: [linux]

  '@turbo/linux-arm64@2.9.7':
    resolution: {integrity: sha512-VkUjulo9ytfHKUHOS5gy0XPoh4CTKPXWCL8nLdrlHVi9fSut31ECeUqnm/dAbETP5D4xo9mH9XkJ+qMzGe/zmg==}
    cpu: [arm64]
    os: [linux]

  '@turbo/windows-64@2.9.7':
    resolution: {integrity: sha512-/GWdY6/x4aIHqkYJq596Rpdk1x0MkpRPkJcLAoB3yGRwyUms0+u2F1GnV54IbyAZTeKLRWSJKzNC+QwVGdYchA==}
    cpu: [x64]
    os: [win32]

  '@turbo/windows-arm64@2.9.7':
    resolution: {integrity: sha512-xBBgxCC5PK2+WZ1PPRZdp+aJ0bMBcEbweXWux3RUHJvX9ZodcoQySkrW6qt+ahb+uk8ZjyQodLfDwtVSoYds1w==}
    cpu: [arm64]
    os: [win32]

  '@types/node@22.19.17':
    resolution: {integrity: sha512-wGdMcf+vPYM6jikpS/qhg6WiqSV/OhG+jeeHT/KlVqxYfD40iYJf9/AE1uQxVWFvU7MipKRkRv8NSHiCGgPr8Q==}

  lefthook-darwin-arm64@2.1.6:
    resolution: {integrity: sha512-hyB7eeiX78BS66f70byTJacDLC/xV1vgMv9n+idFUsrM7J3Udd/ag9Ag5NP3t0eN0EqQqAtrNnt35EH01lxnRQ==}
    cpu: [arm64]
    os: [darwin]

  lefthook-darwin-x64@2.1.6:
    resolution: {integrity: sha512-5Ka6cFxiH83krt+OMRQtmS6zqoZR5SLXSudLjTbZA1c3ZqF0+dqkeb4XcB6plx6WR0GFizabuc6Bi3iXPIe1eQ==}
    cpu: [x64]
    os: [darwin]

  lefthook-freebsd-arm64@2.1.6:
    resolution: {integrity: sha512-VswyOg5CVN3rMaOJ2HtnkltiMKgFHW/wouWxXsV8RxSa4tgWOKxM0EmSXi8qc2jX+LRga6B0uOY6toXS01zWxA==}
    cpu: [arm64]
    os: [freebsd]

  lefthook-freebsd-x64@2.1.6:
    resolution: {integrity: sha512-vXsCUFYuVwrVWwcypB7Zt2Hf+5pl1V1la7ZfvGYZaTRURu0zF/XUnMF/nOz/PebGv0f4x/iOWXWwP7E42xRWsg==}
    cpu: [x64]
    os: [freebsd]

  lefthook-linux-arm64@2.1.6:
    resolution: {integrity: sha512-WDJiQhJdZOvKORZd+kF/ms2l6NSsXzdA9ahflyr65V90AC4jES223W8VtEMbGPUtHuGWMEZ/v/XvwlWv0Ioz9g==}
    cpu: [arm64]
    os: [linux]

  lefthook-linux-x64@2.1.6:
    resolution: {integrity: sha512-C18nCd7nTX1AVL4TcvwMmLAO1VI1OuGluIOTjiPkBQ746Ls1HhL5rl//jMPACmT28YmxIQJ2ZcLPNmhvEVBZvw==}
    cpu: [x64]
    os: [linux]

  lefthook-openbsd-arm64@2.1.6:
    resolution: {integrity: sha512-mZOMxM8HiPxVFXDO3PtCUbH4GB8rkveXhsgXF27oAZTYVzQ3gO9vT6r/pxit6msqRXz3fvcwimLVJgb8eRsa8A==}
    cpu: [arm64]
    os: [openbsd]

  lefthook-openbsd-x64@2.1.6:
    resolution: {integrity: sha512-sG9ALLZSnnMOfXu+B7SmxFhJhuoAh4bqi5En5aaHJET48TqrLOcWWZuH+7ArFM6gr/U5KfSUvdmHFmY8WqCcIg==}
    cpu: [x64]
    os: [openbsd]

  lefthook-windows-arm64@2.1.6:
    resolution: {integrity: sha512-lD8yFWY4Csuljd0Rqs7EQaySC0VvDf7V3rN1FhRMUISTRDHutebIom1Loc8ckQPvKYGC6mftT9k0GvipsS+Brw==}
    cpu: [arm64]
    os: [win32]

  lefthook-windows-x64@2.1.6:
    resolution: {integrity: sha512-q4z2n3xucLscoWiyMwFViEj3N8MDSkPulMwcJYuCYFHoPhP1h+icqNu7QRLGYj6AnVrCQweiUJY3Tb2X+GbD/A==}
    cpu: [x64]
    os: [win32]

  lefthook@2.1.6:
    resolution: {integrity: sha512-w9sBoR0mdN+kJc3SB85VzpiAAl451/rxdCRcZlwW71QLjkeH3EBQFgc4VMj5apePychYDHAlqEWTB8J8JK/j1Q==}
    hasBin: true

  turbo@2.9.7:
    resolution: {integrity: sha512-epxzqVO2s0IxcSWcgb+qKrtco8isfe7g3VtiS6hkYnEK4A9XQDZbrtavQ6MtWR1KoQn+1fUomaQth2rfRHlUlg==}
    hasBin: true

  typescript@5.9.3:
    resolution: {integrity: sha512-jl1vZzPDinLr9eUt3J/t7V6FgNEw9QjvBPdysz9KfQDD41fQrC2Y4vKQdiaUpFT4bXlb1RHhLpp8wtm6M5TgSw==}
    engines: {node: '>=14.17'}
    hasBin: true

  undici-types@6.21.0:
    resolution: {integrity: sha512-iwDZqg0QAGrg9Rav5H4n0M64c3mkR59cJ6wQp+7C4nI0gsmExaedaYLNO44eT4AtBBwjbTiGPMlt2Md0T9H9JQ==}

snapshots:

  '@turbo/darwin-64@2.9.7':
    optional: true

  '@turbo/darwin-arm64@2.9.7':
    optional: true

  '@turbo/linux-64@2.9.7':
    optional: true

  '@turbo/linux-arm64@2.9.7':
    optional: true

  '@turbo/windows-64@2.9.7':
    optional: true

  '@turbo/windows-arm64@2.9.7':
    optional: true

  '@types/node@22.19.17':
    dependencies:
      undici-types: 6.21.0

  lefthook-darwin-arm64@2.1.6:
    optional: true

  lefthook-darwin-x64@2.1.6:
    optional: true

  lefthook-freebsd-arm64@2.1.6:
    optional: true

  lefthook-freebsd-x64@2.1.6:
    optional: true

  lefthook-linux-arm64@2.1.6:
    optional: true

  lefthook-linux-x64@2.1.6:
    optional: true

  lefthook-openbsd-arm64@2.1.6:
    optional: true

  lefthook-openbsd-x64@2.1.6:
    optional: true

  lefthook-windows-arm64@2.1.6:
    optional: true

  lefthook-windows-x64@2.1.6:
    optional: true

  lefthook@2.1.6:
    optionalDependencies:
      lefthook-darwin-arm64: 2.1.6
      lefthook-darwin-x64: 2.1.6
      lefthook-freebsd-arm64: 2.1.6
      lefthook-freebsd-x64: 2.1.6
      lefthook-linux-arm64: 2.1.6
      lefthook-linux-x64: 2.1.6
      lefthook-openbsd-arm64: 2.1.6
      lefthook-openbsd-x64: 2.1.6
      lefthook-windows-arm64: 2.1.6
      lefthook-windows-x64: 2.1.6

  turbo@2.9.7:
    optionalDependencies:
      '@turbo/darwin-64': 2.9.7
      '@turbo/darwin-arm64': 2.9.7
      '@turbo/linux-64': 2.9.7
      '@turbo/linux-arm64': 2.9.7
      '@turbo/windows-64': 2.9.7
      '@turbo/windows-arm64': 2.9.7

  typescript@5.9.3: {}

  undici-types@6.21.0: {}
